
Microsoft Visual Studio Solution File, Format Version 12.00
# Visual Studio Version 16
VisualStudioVersion = 16.0.30413.136
MinimumVisualStudioVersion = 10.0.40219.1
Project("{FAE04EC0-301F-11D3-BF4B-00C04F79EFBC}") = "SourceControlAssignment1", "SourceControlAssignment1.csproj", "{BA54F357-23F4-4CBB-84B7-B659AAE896E9}"
EndProject
Global
	GlobalSection(SolutionConfigurationPlatforms) = preSolution
		Debug|Any CPU = Debug|Any CPU
		Release|Any CPU = Release|Any CPU
	EndGlobalSection
	GlobalSection(ProjectConfigurationPlatforms) = postSolution
		{BA54F357-23F4-4CBB-84B7-B659AAE896E9}.Debug|Any CPU.ActiveCfg = Debug|Any CPU
		{BA54F357-23F4-4CBB-84B7-B659AAE896E9}.Debug|Any CPU.Build.0 = Debug|Any CPU
		{BA54F357-23F4-4CBB-84B7-B659AAE896E9}.Release|Any CPU.ActiveCfg = Release|Any CPU
		{BA54F357-23F4-4CBB-84B7-B659AAE896E9}.Release|Any CPU.Build.0 = Release|Any CPU
	EndGlobalSection
	GlobalSection(SolutionProperties) = preSolution
		HideSolutionNode = FALSE
	EndGlobalSection
	GlobalSection(ExtensibilityGlobals) = postSolution
		SolutionGuid = {10607F5E-0BD7-47E5-A56C-BA61DC5AA2E0}
	EndGlobalSection
EndGlobal
